
Microsoft Visual Studio Solution File, Format Version 12.00
# Visual Studio Version 16
VisualStudioVersion = 16.0.810.9
MinimumVisualStudioVersion = 10.0.40219.1
Project("{FAE04EC0-301F-11D3-BF4B-00C04F79EFBC}") = "Movies.Web", "Movies.Web\Movies.Web.csproj", "{FA03E72B-52D8-491C-AD67-71C0CC2D5CF3}"
EndProject
Project("{FAE04EC0-301F-11D3-BF4B-00C04F79EFBC}") = "Movies.DataAccess", "Movies.DataAccess\Movies.DataAccess.csproj", "{B30744CF-F9E2-42E5-8A2E-4238A5D7B08D}"
EndProject
Project("{FAE04EC0-301F-11D3-BF4B-00C04F79EFBC}") = "Movies.Domain", "Movies.Domain\Movies.Domain.csproj", "{F47B794A-DBE9-4655-9BC0-526972392A12}"
EndProject
Project("{FAE04EC0-301F-11D3-BF4B-00C04F79EFBC}") = "Movies.Services", "Movies.Services\Movies.Services.csproj", "{D04BC348-F5E7-407E-9D7B-23852DBD8597}"
EndProject
Project("{FAE04EC0-301F-11D3-BF4B-00C04F79EFBC}") = "Movies.ViewModels", "Movies.ViewModels\Movies.ViewModels.csproj", "{B26660EE-1AEE-43EE-8B7F-C04A7D9D7B7C}"
EndProject
Global
	GlobalSection(SolutionConfigurationPlatforms) = preSolution
		Debug|Any CPU = Debug|Any CPU
		Release|Any CPU = Release|Any CPU
	EndGlobalSection
	GlobalSection(ProjectConfigurationPlatforms) = postSolution
		{FA03E72B-52D8-491C-AD67-71C0CC2D5CF3}.Debug|Any CPU.ActiveCfg = Debug|Any CPU
		{FA03E72B-52D8-491C-AD67-71C0CC2D5CF3}.Debug|Any CPU.Build.0 = Debug|Any CPU
		{FA03E72B-52D8-491C-AD67-71C0CC2D5CF3}.Release|Any CPU.ActiveCfg = Release|Any CPU
		{FA03E72B-52D8-491C-AD67-71C0CC2D5CF3}.Release|Any CPU.Build.0 = Release|Any CPU
		{B30744CF-F9E2-42E5-8A2E-4238A5D7B08D}.Debug|Any CPU.ActiveCfg = Debug|Any CPU
		{B30744CF-F9E2-42E5-8A2E-4238A5D7B08D}.Debug|Any CPU.Build.0 = Debug|Any CPU
		{B30744CF-F9E2-42E5-8A2E-4238A5D7B08D}.Release|Any CPU.ActiveCfg = Release|Any CPU
		{B30744CF-F9E2-42E5-8A2E-4238A5D7B08D}.Release|Any CPU.Build.0 = Release|Any CPU
		{F47B794A-DBE9-4655-9BC0-526972392A12}.Debug|Any CPU.ActiveCfg = Debug|Any CPU
		{F47B794A-DBE9-4655-9BC0-526972392A12}.Debug|Any CPU.Build.0 = Debug|Any CPU
		{F47B794A-DBE9-4655-9BC0-526972392A12}.Release|Any CPU.ActiveCfg = Release|Any CPU
		{F47B794A-DBE9-4655-9BC0-526972392A12}.Release|Any CPU.Build.0 = Release|Any CPU
		{D04BC348-F5E7-407E-9D7B-23852DBD8597}.Debug|Any CPU.ActiveCfg = Debug|Any CPU
		{D04BC348-F5E7-407E-9D7B-23852DBD8597}.Debug|Any CPU.Build.0 = Debug|Any CPU
		{D04BC348-F5E7-407E-9D7B-23852DBD8597}.Release|Any CPU.ActiveCfg = Release|Any CPU
		{D04BC348-F5E7-407E-9D7B-23852DBD8597}.Release|Any CPU.Build.0 = Release|Any CPU
		{B26660EE-1AEE-43EE-8B7F-C04A7D9D7B7C}.Debug|Any CPU.ActiveCfg = Debug|Any CPU
		{B26660EE-1AEE-43EE-8B7F-C04A7D9D7B7C}.Debug|Any CPU.Build.0 = Debug|Any CPU
		{B26660EE-1AEE-43EE-8B7F-C04A7D9D7B7C}.Release|Any CPU.ActiveCfg = Release|Any CPU
		{B26660EE-1AEE-43EE-8B7F-C04A7D9D7B7C}.Release|Any CPU.Build.0 = Release|Any CPU
	EndGlobalSection
	GlobalSection(SolutionProperties) = preSolution
		HideSolutionNode = FALSE
	EndGlobalSection
	GlobalSection(ExtensibilityGlobals) = postSolution
		SolutionGuid = {ACF3E53D-749B-43A9-833B-AEDE4EABBFE7}
	EndGlobalSection
EndGlobal
